
Microsoft Visual Studio Solution File, Format Version 12.00
# Visual Studio Version 17
VisualStudioVersion = 17.3.32901.215
MinimumVisualStudioVersion = 10.0.40219.1
Project("{FAE04EC0-301F-11D3-BF4B-00C04F79EFBC}") = "CalculatorTests", "CalculatorTests\CalculatorTests.csproj", "{027944E2-CFCC-4396-9E93-960D8CD50FC4}"
EndProject
Global
	GlobalSection(SolutionConfigurationPlatforms) = preSolution
		Debug|Any CPU = Debug|Any CPU
		Release|Any CPU = Release|Any CPU
	EndGlobalSection
	GlobalSection(ProjectConfigurationPlatforms) = postSolution
		{027944E2-CFCC-4396-9E93-960D8CD50FC4}.Debug|Any CPU.ActiveCfg = Debug|Any CPU
		{027944E2-CFCC-4396-9E93-960D8CD50FC4}.Debug|Any CPU.Build.0 = Debug|Any CPU
		{027944E2-CFCC-4396-9E93-960D8CD50FC4}.Release|Any CPU.ActiveCfg = Release|Any CPU
		{027944E2-CFCC-4396-9E93-960D8CD50FC4}.Release|Any CPU.Build.0 = Release|Any CPU
	EndGlobalSection
	GlobalSection(SolutionProperties) = preSolution
		HideSolutionNode = FALSE
	EndGlobalSection
	GlobalSection(ExtensibilityGlobals) = postSolution
		SolutionGuid = {F08981C3-DD15-4D14-8EBF-DA05FEDF03BF}
	EndGlobalSection
EndGlobal
